// !$*UTF8*$!
{
	archiveVersion = 1;
	classes = {
	};
	objectVersion = 46;
	objects = {

/* Begin PBXBuildFile section */
		2703FD11175E7D7600E3C8E9 /* UIKit.framework in Frameworks */ = {isa = PBXBuildFile; fileRef = 2703FD10175E7D7600E3C8E9 /* UIKit.framework */; };
		2703FD13175E7D7600E3C8E9 /* Foundation.framework in Frameworks */ = {isa = PBXBuildFile; fileRef = 2703FD12175E7D7600E3C8E9 /* Foundation.framework */; };
		2703FD15175E7D7600E3C8E9 /* CoreGraphics.framework in Frameworks */ = {isa = PBXBuildFile; fileRef = 2703FD14175E7D7600E3C8E9 /* CoreGraphics.framework */; };
		2703FD17175E7D7600E3C8E9 /* CoreData.framework in Frameworks */ = {isa = PBXBuildFile; fileRef = 2703FD16175E7D7600E3C8E9 /* CoreData.framework */; };
		2703FD1D175E7D7600E3C8E9 /* InfoPlist.strings in Resources */ = {isa = PBXBuildFile; fileRef = 2703FD1B175E7D7600E3C8E9 /* InfoPlist.strings */; };
		2703FD1F175E7D7600E3C8E9 /* main.m in Sources */ = {isa = PBXBuildFile; fileRef = 2703FD1E175E7D7600E3C8E9 /* main.m */; };
		2703FD23175E7D7600E3C8E9 /* AppDelegate.m in Sources */ = {isa = PBXBuildFile; fileRef = 2703FD22175E7D7600E3C8E9 /* AppDelegate.m */; };
		27AF395D18E4EE89003EB9B7 /* Default-568h@2x.png in Resources */ = {isa = PBXBuildFile; fileRef = 27AF395B18E4EE89003EB9B7 /* Default-568h@2x.png */; };
		27AF395E18E4EE89003EB9B7 /* Default@2x.png in Resources */ = {isa = PBXBuildFile; fileRef = 27AF395C18E4EE89003EB9B7 /* Default@2x.png */; };
		27E5532C18E1EB910008CB8E /* XCTest.framework in Frameworks */ = {isa = PBXBuildFile; fileRef = 27E5532B18E1EB910008CB8E /* XCTest.framework */; };
		27E5532D18E1EB910008CB8E /* Foundation.framework in Frameworks */ = {isa = PBXBuildFile; fileRef = 2703FD12175E7D7600E3C8E9 /* Foundation.framework */; };
		27E5532E18E1EB910008CB8E /* UIKit.framework in Frameworks */ = {isa = PBXBuildFile; fileRef = 2703FD10175E7D7600E3C8E9 /* UIKit.framework */; };
		27E5533418E1EB910008CB8E /* InfoPlist.strings in Resources */ = {isa = PBXBuildFile; fileRef = 27E5533218E1EB910008CB8E /* InfoPlist.strings */; };
		27E5533D18E1EBEB0008CB8E /* DataModelTests.m in Sources */ = {isa = PBXBuildFile; fileRef = 276B8BC218E105380066B711 /* DataModelTests.m */; };
		27E5533E18E1EBEB0008CB8E /* CodeFinderTests.m in Sources */ = {isa = PBXBuildFile; fileRef = 276B8BC618E105910066B711 /* CodeFinderTests.m */; };
		27E5533F18E1EBEB0008CB8E /* ViewControllerTests.m in Sources */ = {isa = PBXBuildFile; fileRef = 276B8BC418E105750066B711 /* ViewControllerTests.m */; };
		27E5534018E1EBF60008CB8E /* ProduceTracker.db in Resources */ = {isa = PBXBuildFile; fileRef = 27F0DE36176035C00094E333 /* ProduceTracker.db */; };
		27F0DE301760359C0094E333 /* CodeFinder.m in Sources */ = {isa = PBXBuildFile; fileRef = 27F0DE291760359C0094E333 /* CodeFinder.m */; };
		27F0DE311760359C0094E333 /* CodeFinder.xib in Resources */ = {isa = PBXBuildFile; fileRef = 27F0DE2A1760359C0094E333 /* CodeFinder.xib */; };
		27F0DE321760359C0094E333 /* DataModel.m in Sources */ = {isa = PBXBuildFile; fileRef = 27F0DE2C1760359C0094E333 /* DataModel.m */; };
		27F0DE331760359C0094E333 /* ProduceFinderViewController.m in Sources */ = {isa = PBXBuildFile; fileRef = 27F0DE2E1760359C0094E333 /* ProduceFinderViewController.m */; };
		27F0DE341760359C0094E333 /* ProduceFinderViewController.xib in Resources */ = {isa = PBXBuildFile; fileRef = 27F0DE2F1760359C0094E333 /* ProduceFinderViewController.xib */; };
		27F0DE37176035C00094E333 /* ProduceTracker.db in Resources */ = {isa = PBXBuildFile; fileRef = 27F0DE36176035C00094E333 /* ProduceTracker.db */; };
		27F0DE50176035EE0094E333 /* dataviewbacker.png in Resources */ = {isa = PBXBuildFile; fileRef = 27F0DE3A176035EE0094E333 /* dataviewbacker.png */; };
		27F0DE51176035EE0094E333 /* dataviewbacker@2x.png in Resources */ = {isa = PBXBuildFile; fileRef = 27F0DE3B176035EE0094E333 /* dataviewbacker@2x.png */; };
		27F0DE55176035EE0094E333 /* iOS Simulator Screen shot Jun 2, 2013 5.17.12 PM.png in Resources */ = {isa = PBXBuildFile; fileRef = 27F0DE3F176035EE0094E333 /* iOS Simulator Screen shot Jun 2, 2013 5.17.12 PM.png */; };
		27F0DE56176035EE0094E333 /* newshot.png in Resources */ = {isa = PBXBuildFile; fileRef = 27F0DE40176035EE0094E333 /* newshot.png */; };
		27F0DE57176035EE0094E333 /* newshotone.png in Resources */ = {isa = PBXBuildFile; fileRef = 27F0DE41176035EE0094E333 /* newshotone.png */; };
		27F0DE58176035EE0094E333 /* newshotthree.png in Resources */ = {isa = PBXBuildFile; fileRef = 27F0DE42176035EE0094E333 /* newshotthree.png */; };
		27F0DE59176035EE0094E333 /* newshottwo.png in Resources */ = {isa = PBXBuildFile; fileRef = 27F0DE43176035EE0094E333 /* newshottwo.png */; };
		27F0DE5A176035EE0094E333 /* PFBigLogo.png in Resources */ = {isa = PBXBuildFile; fileRef = 27F0DE44176035EE0094E333 /* PFBigLogo.png */; };
		27F0DE5D176035EE0094E333 /* PFLogo.png in Resources */ = {isa = PBXBuildFile; fileRef = 27F0DE47176035EE0094E333 /* PFLogo.png */; };
		27F0DE5E176035EE0094E333 /* PFLogo@2x.png in Resources */ = {isa = PBXBuildFile; fileRef = 27F0DE48176035EE0094E333 /* PFLogo@2x.png */; };
		27F0DE5F176035EE0094E333 /* PFLogoPiece.png in Resources */ = {isa = PBXBuildFile; fileRef = 27F0DE49176035EE0094E333 /* PFLogoPiece.png */; };
		27F0DE62176035EE0094E333 /* Separator2.png in Resources */ = {isa = PBXBuildFile; fileRef = 27F0DE4C176035EE0094E333 /* Separator2.png */; };
		27F0DE63176035EE0094E333 /* Separator2@2x.png in Resources */ = {isa = PBXBuildFile; fileRef = 27F0DE4D176035EE0094E333 /* Separator2@2x.png */; };
		27F0DE67176036D70094E333 /* PFSmallLogo@2x.png in Resources */ = {isa = PBXBuildFile; fileRef = 27F0DE66176036D70094E333 /* PFSmallLogo@2x.png */; };
		27F0DE69176038840094E333 /* PFSmallLogo.png in Resources */ = {isa = PBXBuildFile; fileRef = 27F0DE68176038840094E333 /* PFSmallLogo.png */; };
		27F0DE6B17613FB90094E333 /* libsqlite3.0.dylib in Frameworks */ = {isa = PBXBuildFile; fileRef = 27F0DE6A17613FB90094E333 /* libsqlite3.0.dylib */; };
/* End PBXBuildFile section */

/* Begin PBXContainerItemProxy section */
		27E5533818E1EB910008CB8E /* PBXContainerItemProxy */ = {
			isa = PBXContainerItemProxy;
			containerPortal = 2703FD05175E7D7600E3C8E9 /* Project object */;
			proxyType = 1;
			remoteGlobalIDString = 2703FD0C175E7D7600E3C8E9;
			remoteInfo = ProduceFinder;
		};
/* End PBXContainerItemProxy section */

/* Begin PBXFileReference section */
		2703FD0D175E7D7600E3C8E9 /* ProduceFinder.app */ = {isa = PBXFileReference; explicitFileType = wrapper.application; includeInIndex = 0; path = ProduceFinder.app; sourceTree = BUILT_PRODUCTS_DIR; };
		2703FD10175E7D7600E3C8E9 /* UIKit.framework */ = {isa = PBXFileReference; lastKnownFileType = wrapper.framework; name = UIKit.framework; path = System/Library/Frameworks/UIKit.framework; sourceTree = SDKROOT; };
		2703FD12175E7D7600E3C8E9 /* Foundation.framework */ = {isa = PBXFileReference; lastKnownFileType = wrapper.framework; name = Foundation.framework; path = System/Library/Frameworks/Foundation.framework; sourceTree = SDKROOT; };
		2703FD14175E7D7600E3C8E9 /* CoreGraphics.framework */ = {isa = PBXFileReference; lastKnownFileType = wrapper.framework; name = CoreGraphics.framework; path = System/Library/Frameworks/CoreGraphics.framework; sourceTree = SDKROOT; };
		2703FD16175E7D7600E3C8E9 /* CoreData.framework */ = {isa = PBXFileReference; lastKnownFileType = wrapper.framework; name = CoreData.framework; path = System/Library/Frameworks/CoreData.framework; sourceTree = SDKROOT; };
		2703FD1A175E7D7600E3C8E9 /* ProduceFinder-Info.plist */ = {isa = PBXFileReference; lastKnownFileType = text.plist.xml; path = "ProduceFinder-Info.plist"; sourceTree = "<group>"; };
		2703FD1C175E7D7600E3C8E9 /* en */ = {isa = PBXFileReference; lastKnownFileType = text.plist.strings; name = en; path = en.lproj/InfoPlist.strings; sourceTree = "<group>"; };
		2703FD1E175E7D7600E3C8E9 /* main.m */ = {isa = PBXFileReference; lastKnownFileType = sourcecode.c.objc; path = main.m; sourceTree = "<group>"; };
		2703FD20175E7D7600E3C8E9 /* ProduceFinder-Prefix.pch */ = {isa = PBXFileReference; lastKnownFileType = sourcecode.c.h; path = "ProduceFinder-Prefix.pch"; sourceTree = "<group>"; };
		2703FD21175E7D7600E3C8E9 /* AppDelegate.h */ = {isa = PBXFileReference; lastKnownFileType = sourcecode.c.h; path = AppDelegate.h; sourceTree = "<group>"; };
		2703FD22175E7D7600E3C8E9 /* AppDelegate.m */ = {isa = PBXFileReference; lastKnownFileType = sourcecode.c.objc; path = AppDelegate.m; sourceTree = "<group>"; };
		276B8BC218E105380066B711 /* DataModelTests.m */ = {isa = PBXFileReference; fileEncoding = 4; lastKnownFileType = sourcecode.c.objc; name = DataModelTests.m; path = ../ProduceFinderTests/DataModelTests.m; sourceTree = "<group>"; };
		276B8BC418E105750066B711 /* ViewControllerTests.m */ = {isa = PBXFileReference; fileEncoding = 4; lastKnownFileType = sourcecode.c.objc; name = ViewControllerTests.m; path = ../ProduceFinderTests/ViewControllerTests.m; sourceTree = "<group>"; };
		276B8BC618E105910066B711 /* CodeFinderTests.m */ = {isa = PBXFileReference; fileEncoding = 4; lastKnownFileType = sourcecode.c.objc; name = CodeFinderTests.m; path = ../ProduceFinderTests/CodeFinderTests.m; sourceTree = "<group>"; };
		27AF395B18E4EE89003EB9B7 /* Default-568h@2x.png */ = {isa = PBXFileReference; lastKnownFileType = image.png; path = "Default-568h@2x.png"; sourceTree = "<group>"; };
		27AF395C18E4EE89003EB9B7 /* Default@2x.png */ = {isa = PBXFileReference; lastKnownFileType = image.png; path = "Default@2x.png"; sourceTree = "<group>"; };
		27E5532A18E1EB910008CB8E /* ProduceFinder Tests.xctest */ = {isa = PBXFileReference; explicitFileType = wrapper.cfbundle; includeInIndex = 0; path = "ProduceFinder Tests.xctest"; sourceTree = BUILT_PRODUCTS_DIR; };
		27E5532B18E1EB910008CB8E /* XCTest.framework */ = {isa = PBXFileReference; lastKnownFileType = wrapper.framework; name = XCTest.framework; path = Library/Frameworks/XCTest.framework; sourceTree = DEVELOPER_DIR; };
		27E5533118E1EB910008CB8E /* ProduceFinder Tests-Info.plist */ = {isa = PBXFileReference; lastKnownFileType = text.plist.xml; path = "ProduceFinder Tests-Info.plist"; sourceTree = "<group>"; };
		27E5533318E1EB910008CB8E /* en */ = {isa = PBXFileReference; lastKnownFileType = text.plist.strings; name = en; path = en.lproj/InfoPlist.strings; sourceTree = "<group>"; };
		27E5533718E1EB910008CB8E /* ProduceFinder Tests-Prefix.pch */ = {isa = PBXFileReference; lastKnownFileType = sourcecode.c.h; path = "ProduceFinder Tests-Prefix.pch"; sourceTree = "<group>"; };
		27F0DE281760359C0094E333 /* CodeFinder.h */ = {isa = PBXFileReference; fileEncoding = 4; lastKnownFileType = sourcecode.c.h; name = CodeFinder.h; path = Classes/CodeFinder.h; sourceTree = "<group>"; };
		27F0DE291760359C0094E333 /* CodeFinder.m */ = {isa = PBXFileReference; fileEncoding = 4; lastKnownFileType = sourcecode.c.objc; name = CodeFinder.m; path = Classes/CodeFinder.m; sourceTree = "<group>"; };
		27F0DE2A1760359C0094E333 /* CodeFinder.xib */ = {isa = PBXFileReference; fileEncoding = 4; lastKnownFileType = file.xib; name = CodeFinder.xib; path = Classes/CodeFinder.xib; sourceTree = "<group>"; };
		27F0DE2B1760359C0094E333 /* DataModel.h */ = {isa = PBXFileReference; fileEncoding = 4; lastKnownFileType = sourcecode.c.h; name = DataModel.h; path = Classes/DataModel.h; sourceTree = "<group>"; };
		27F0DE2C1760359C0094E333 /* DataModel.m */ = {isa = PBXFileReference; fileEncoding = 4; lastKnownFileType = sourcecode.c.objc; name = DataModel.m; path = Classes/DataModel.m; sourceTree = "<group>"; };
		27F0DE2D1760359C0094E333 /* ProduceFinderViewController.h */ = {isa = PBXFileReference; fileEncoding = 4; lastKnownFileType = sourcecode.c.h; name = ProduceFinderViewController.h; path = Classes/ProduceFinderViewController.h; sourceTree = "<group>"; };
		27F0DE2E1760359C0094E333 /* ProduceFinderViewController.m */ = {isa = PBXFileReference; fileEncoding = 4; lastKnownFileType = sourcecode.c.objc; name = ProduceFinderViewController.m; path = Classes/ProduceFinderViewController.m; sourceTree = "<group>"; };
		27F0DE2F1760359C0094E333 /* ProduceFinderViewController.xib */ = {isa = PBXFileReference; fileEncoding = 4; lastKnownFileType = file.xib; name = ProduceFinderViewController.xib; path = Classes/ProduceFinderViewController.xib; sourceTree = "<group>"; };
		27F0DE36176035C00094E333 /* ProduceTracker.db */ = {isa = PBXFileReference; lastKnownFileType = file; path = ProduceTracker.db; sourceTree = "<group>"; };
		27F0DE3A176035EE0094E333 /* dataviewbacker.png */ = {isa = PBXFileReference; lastKnownFileType = image.png; name = dataviewbacker.png; path = Images/dataviewbacker.png; sourceTree = "<group>"; };
		27F0DE3B176035EE0094E333 /* dataviewbacker@2x.png */ = {isa = PBXFileReference; lastKnownFileType = image.png; name = "dataviewbacker@2x.png"; path = "Images/dataviewbacker@2x.png"; sourceTree = "<group>"; };
		27F0DE3F176035EE0094E333 /* iOS Simulator Screen shot Jun 2, 2013 5.17.12 PM.png */ = {isa = PBXFileReference; lastKnownFileType = image.png; name = "iOS Simulator Screen shot Jun 2, 2013 5.17.12 PM.png"; path = "Images/iOS Simulator Screen shot Jun 2, 2013 5.17.12 PM.png"; sourceTree = "<group>"; };
		27F0DE40176035EE0094E333 /* newshot.png */ = {isa = PBXFileReference; lastKnownFileType = image.png; name = newshot.png; path = Images/newshot.png; sourceTree = "<group>"; };
		27F0DE41176035EE0094E333 /* newshotone.png */ = {isa = PBXFileReference; lastKnownFileType = image.png; name = newshotone.png; path = Images/newshotone.png; sourceTree = "<group>"; };
		27F0DE42176035EE0094E333 /* newshotthree.png */ = {isa = PBXFileReference; lastKnownFileType = image.png; name = newshotthree.png; path = Images/newshotthree.png; sourceTree = "<group>"; };
		27F0DE43176035EE0094E333 /* newshottwo.png */ = {isa = PBXFileReference; lastKnownFileType = image.png; name = newshottwo.png; path = Images/newshottwo.png; sourceTree = "<group>"; };
		27F0DE44176035EE0094E333 /* PFBigLogo.png */ = {isa = PBXFileReference; lastKnownFileType = image.png; name = PFBigLogo.png; path = Images/PFBigLogo.png; sourceTree = "<group>"; };
		27F0DE47176035EE0094E333 /* PFLogo.png */ = {isa = PBXFileReference; lastKnownFileType = image.png; name = PFLogo.png; path = Images/PFLogo.png; sourceTree = "<group>"; };
		27F0DE48176035EE0094E333 /* PFLogo@2x.png */ = {isa = PBXFileReference; lastKnownFileType = image.png; name = "PFLogo@2x.png"; path = "Images/PFLogo@2x.png"; sourceTree = "<group>"; };
		27F0DE49176035EE0094E333 /* PFLogoPiece.png */ = {isa = PBXFileReference; lastKnownFileType = image.png; name = PFLogoPiece.png; path = Images/PFLogoPiece.png; sourceTree = "<group>"; };
		27F0DE4C176035EE0094E333 /* Separator2.png */ = {isa = PBXFileReference; lastKnownFileType = image.png; name = Separator2.png; path = Images/Separator2.png; sourceTree = "<group>"; };
		27F0DE4D176035EE0094E333 /* Separator2@2x.png */ = {isa = PBXFileReference; lastKnownFileType = image.png; name = "Separator2@2x.png"; path = "Images/Separator2@2x.png"; sourceTree = "<group>"; };
		27F0DE66176036D70094E333 /* PFSmallLogo@2x.png */ = {isa = PBXFileReference; lastKnownFileType = image.png; name = "PFSmallLogo@2x.png"; path = "../PFSmallLogo@2x.png"; sourceTree = "<group>"; };
		27F0DE68176038840094E333 /* PFSmallLogo.png */ = {isa = PBXFileReference; lastKnownFileType = image.png; name = PFSmallLogo.png; path = ../PFSmallLogo.png; sourceTree = "<group>"; };
		27F0DE6A17613FB90094E333 /* libsqlite3.0.dylib */ = {isa = PBXFileReference; lastKnownFileType = "compiled.mach-o.dylib"; name = libsqlite3.0.dylib; path = usr/lib/libsqlite3.0.dylib; sourceTree = SDKROOT; };
/* End PBXFileReference section */

/* Begin PBXFrameworksBuildPhase section */
		2703FD0A175E7D7600E3C8E9 /* Frameworks */ = {
			isa = PBXFrameworksBuildPhase;
			buildActionMask = 2147483647;
			files = (
				27F0DE6B17613FB90094E333 /* libsqlite3.0.dylib in Frameworks */,
				2703FD11175E7D7600E3C8E9 /* UIKit.framework in Frameworks */,
				2703FD13175E7D7600E3C8E9 /* Foundation.framework in Frameworks */,
				2703FD15175E7D7600E3C8E9 /* CoreGraphics.framework in Frameworks */,
				2703FD17175E7D7600E3C8E9 /* CoreData.framework in Frameworks */,
			);
			runOnlyForDeploymentPostprocessing = 0;
		};
		27E5532718E1EB910008CB8E /* Frameworks */ = {
			isa = PBXFrameworksBuildPhase;
			buildActionMask = 2147483647;
			files = (
				27E5532C18E1EB910008CB8E /* XCTest.framework in Frameworks */,
				27E5532E18E1EB910008CB8E /* UIKit.framework in Frameworks */,
				27E5532D18E1EB910008CB8E /* Foundation.framework in Frameworks */,
			);
			runOnlyForDeploymentPostprocessing = 0;
		};
/* End PBXFrameworksBuildPhase section */

/* Begin PBXGroup section */
		2703FD04175E7D7600E3C8E9 = {
			isa = PBXGroup;
			children = (
				2703FD18175E7D7600E3C8E9 /* ProduceFinder */,
				27E5532F18E1EB910008CB8E /* ProduceFinder Tests */,
				2703FD0F175E7D7600E3C8E9 /* Frameworks */,
				2703FD0E175E7D7600E3C8E9 /* Products */,
			);
			sourceTree = "<group>";
		};
		2703FD0E175E7D7600E3C8E9 /* Products */ = {
			isa = PBXGroup;
			children = (
				2703FD0D175E7D7600E3C8E9 /* ProduceFinder.app */,
				27E5532A18E1EB910008CB8E /* ProduceFinder Tests.xctest */,
			);
			name = Products;
			sourceTree = "<group>";
		};
		2703FD0F175E7D7600E3C8E9 /* Frameworks */ = {
			isa = PBXGroup;
			children = (
				27F0DE6A17613FB90094E333 /* libsqlite3.0.dylib */,
				2703FD10175E7D7600E3C8E9 /* UIKit.framework */,
				2703FD12175E7D7600E3C8E9 /* Foundation.framework */,
				2703FD14175E7D7600E3C8E9 /* CoreGraphics.framework */,
				2703FD16175E7D7600E3C8E9 /* CoreData.framework */,
				27E5532B18E1EB910008CB8E /* XCTest.framework */,
			);
			name = Frameworks;
			sourceTree = "<group>";
		};
		2703FD18175E7D7600E3C8E9 /* ProduceFinder */ = {
			isa = PBXGroup;
			children = (
				27F0DE35176035AE0094E333 /* Images */,
				27F0DE281760359C0094E333 /* CodeFinder.h */,
				27F0DE291760359C0094E333 /* CodeFinder.m */,
				27F0DE2A1760359C0094E333 /* CodeFinder.xib */,
				27F0DE2B1760359C0094E333 /* DataModel.h */,
				27F0DE2C1760359C0094E333 /* DataModel.m */,
				27F0DE2D1760359C0094E333 /* ProduceFinderViewController.h */,
				27F0DE2E1760359C0094E333 /* ProduceFinderViewController.m */,
				27F0DE2F1760359C0094E333 /* ProduceFinderViewController.xib */,
				2703FD21175E7D7600E3C8E9 /* AppDelegate.h */,
				2703FD22175E7D7600E3C8E9 /* AppDelegate.m */,
				27F0DE36176035C00094E333 /* ProduceTracker.db */,
				2703FD19175E7D7600E3C8E9 /* Supporting Files */,
			);
			path = ProduceFinder;
			sourceTree = "<group>";
		};
		2703FD19175E7D7600E3C8E9 /* Supporting Files */ = {
			isa = PBXGroup;
			children = (
				2703FD1A175E7D7600E3C8E9 /* ProduceFinder-Info.plist */,
				2703FD1B175E7D7600E3C8E9 /* InfoPlist.strings */,
				2703FD1E175E7D7600E3C8E9 /* main.m */,
				2703FD20175E7D7600E3C8E9 /* ProduceFinder-Prefix.pch */,
			);
			name = "Supporting Files";
			sourceTree = "<group>";
		};
		27E5532F18E1EB910008CB8E /* ProduceFinder Tests */ = {
			isa = PBXGroup;
			children = (
				276B8BC218E105380066B711 /* DataModelTests.m */,
				276B8BC618E105910066B711 /* CodeFinderTests.m */,
				276B8BC418E105750066B711 /* ViewControllerTests.m */,
				27E5533018E1EB910008CB8E /* Supporting Files */,
			);
			path = "ProduceFinder Tests";
			sourceTree = "<group>";
		};
		27E5533018E1EB910008CB8E /* Supporting Files */ = {
			isa = PBXGroup;
			children = (
				27E5533118E1EB910008CB8E /* ProduceFinder Tests-Info.plist */,
				27E5533218E1EB910008CB8E /* InfoPlist.strings */,
				27E5533718E1EB910008CB8E /* ProduceFinder Tests-Prefix.pch */,
			);
			name = "Supporting Files";
			sourceTree = "<group>";
		};
		27F0DE35176035AE0094E333 /* Images */ = {
			isa = PBXGroup;
			children = (
				27AF395B18E4EE89003EB9B7 /* Default-568h@2x.png */,
				27AF395C18E4EE89003EB9B7 /* Default@2x.png */,
				27F0DE68176038840094E333 /* PFSmallLogo.png */,
				27F0DE66176036D70094E333 /* PFSmallLogo@2x.png */,
				27F0DE3A176035EE0094E333 /* dataviewbacker.png */,
				27F0DE3B176035EE0094E333 /* dataviewbacker@2x.png */,
				27F0DE3F176035EE0094E333 /* iOS Simulator Screen shot Jun 2, 2013 5.17.12 PM.png */,
				27F0DE40176035EE0094E333 /* newshot.png */,
				27F0DE41176035EE0094E333 /* newshotone.png */,
				27F0DE42176035EE0094E333 /* newshotthree.png */,
				27F0DE43176035EE0094E333 /* newshottwo.png */,
				27F0DE44176035EE0094E333 /* PFBigLogo.png */,
				27F0DE47176035EE0094E333 /* PFLogo.png */,
				27F0DE48176035EE0094E333 /* PFLogo@2x.png */,
				27F0DE49176035EE0094E333 /* PFLogoPiece.png */,
				27F0DE4C176035EE0094E333 /* Separator2.png */,
				27F0DE4D176035EE0094E333 /* Separator2@2x.png */,
			);
			name = Images;
			sourceTree = "<group>";
		};
/* End PBXGroup section */

/* Begin PBXNativeTarget section */
		2703FD0C175E7D7600E3C8E9 /* ProduceFinder */ = {
			isa = PBXNativeTarget;
			buildConfigurationList = 2703FD45175E7D7600E3C8E9 /* Build configuration list for PBXNativeTarget "ProduceFinder" */;
			buildPhases = (
				2703FD09175E7D7600E3C8E9 /* Sources */,
				2703FD0A175E7D7600E3C8E9 /* Frameworks */,
				2703FD0B175E7D7600E3C8E9 /* Resources */,
			);
			buildRules = (
			);
			dependencies = (
			);
			name = ProduceFinder;
			productName = ProduceFinder;
			productReference = 2703FD0D175E7D7600E3C8E9 /* ProduceFinder.app */;
			productType = "com.apple.product-type.application";
		};
		27E5532918E1EB910008CB8E /* ProduceFinder Tests */ = {
			isa = PBXNativeTarget;
			buildConfigurationList = 27E5533A18E1EB910008CB8E /* Build configuration list for PBXNativeTarget "ProduceFinder Tests" */;
			buildPhases = (
				27E5532618E1EB910008CB8E /* Sources */,
				27E5532718E1EB910008CB8E /* Frameworks */,
				27E5532818E1EB910008CB8E /* Resources */,
			);
			buildRules = (
			);
			dependencies = (
				27E5533918E1EB910008CB8E /* PBXTargetDependency */,
			);
			name = "ProduceFinder Tests";
			productName = "ProduceFinder Tests";
			productReference = 27E5532A18E1EB910008CB8E /* ProduceFinder Tests.xctest */;
			productType = "com.apple.product-type.bundle.unit-test";
		};
/* End PBXNativeTarget section */

/* Begin PBXProject section */
		2703FD05175E7D7600E3C8E9 /* Project object */ = {
			isa = PBXProject;
			attributes = {
				LastTestingUpgradeCheck = 0510;
				LastUpgradeCheck = 0460;
				ORGANIZATIONNAME = "Michael Alexander";
				TargetAttributes = {
					27E5532918E1EB910008CB8E = {
						TestTargetID = 2703FD0C175E7D7600E3C8E9;
					};
				};
			};
			buildConfigurationList = 2703FD08175E7D7600E3C8E9 /* Build configuration list for PBXProject "ProduceFinder" */;
			compatibilityVersion = "Xcode 3.2";
			developmentRegion = English;
			hasScannedForEncodings = 0;
			knownRegions = (
				en,
			);
			mainGroup = 2703FD04175E7D7600E3C8E9;
			productRefGroup = 2703FD0E175E7D7600E3C8E9 /* Products */;
			projectDirPath = "";
			projectRoot = "";
			targets = (
				2703FD0C175E7D7600E3C8E9 /* ProduceFinder */,
				27E5532918E1EB910008CB8E /* ProduceFinder Tests */,
			);
		};
/* End PBXProject section */

/* Begin PBXResourcesBuildPhase section */
		2703FD0B175E7D7600E3C8E9 /* Resources */ = {
			isa = PBXResourcesBuildPhase;
			buildActionMask = 2147483647;
			files = (
				2703FD1D175E7D7600E3C8E9 /* InfoPlist.strings in Resources */,
				27F0DE311760359C0094E333 /* CodeFinder.xib in Resources */,
				27F0DE341760359C0094E333 /* ProduceFinderViewController.xib in Resources */,
				27F0DE37176035C00094E333 /* ProduceTracker.db in Resources */,
				27F0DE50176035EE0094E333 /* dataviewbacker.png in Resources */,
				27F0DE51176035EE0094E333 /* dataviewbacker@2x.png in Resources */,
				27F0DE55176035EE0094E333 /* iOS Simulator Screen shot Jun 2, 2013 5.17.12 PM.png in Resources */,
				27F0DE56176035EE0094E333 /* newshot.png in Resources */,
				27F0DE57176035EE0094E333 /* newshotone.png in Resources */,
				27F0DE58176035EE0094E333 /* newshotthree.png in Resources */,
				27F0DE59176035EE0094E333 /* newshottwo.png in Resources */,
				27F0DE5A176035EE0094E333 /* PFBigLogo.png in Resources */,
				27AF395E18E4EE89003EB9B7 /* Default@2x.png in Resources */,
				27F0DE5D176035EE0094E333 /* PFLogo.png in Resources */,
				27AF395D18E4EE89003EB9B7 /* Default-568h@2x.png in Resources */,
				27F0DE5E176035EE0094E333 /* PFLogo@2x.png in Resources */,
				27F0DE5F176035EE0094E333 /* PFLogoPiece.png in Resources */,
				27F0DE62176035EE0094E333 /* Separator2.png in Resources */,
				27F0DE63176035EE0094E333 /* Separator2@2x.png in Resources */,
				27F0DE67176036D70094E333 /* PFSmallLogo@2x.png in Resources */,
				27F0DE69176038840094E333 /* PFSmallLogo.png in Resources */,
			);
			runOnlyForDeploymentPostprocessing = 0;
		};
		27E5532818E1EB910008CB8E /* Resources */ = {
			isa = PBXResourcesBuildPhase;
			buildActionMask = 2147483647;
			files = (
				27E5534018E1EBF60008CB8E /* ProduceTracker.db in Resources */,
				27E5533418E1EB910008CB8E /* InfoPlist.strings in Resources */,
			);
			runOnlyForDeploymentPostprocessing = 0;
		};
/* End PBXResourcesBuildPhase section */

/* Begin PBXSourcesBuildPhase section */
		2703FD09175E7D7600E3C8E9 /* Sources */ = {
			isa = PBXSourcesBuildPhase;
			buildActionMask = 2147483647;
			files = (
				2703FD1F175E7D7600E3C8E9 /* main.m in Sources */,
				2703FD23175E7D7600E3C8E9 /* AppDelegate.m in Sources */,
				27F0DE301760359C0094E333 /* CodeFinder.m in Sources */,
				27F0DE321760359C0094E333 /* DataModel.m in Sources */,
				27F0DE331760359C0094E333 /* ProduceFinderViewController.m in Sources */,
			);
			runOnlyForDeploymentPostprocessing = 0;
		};
		27E5532618E1EB910008CB8E /* Sources */ = {
			isa = PBXSourcesBuildPhase;
			buildActionMask = 2147483647;
			files = (
				27E5533D18E1EBEB0008CB8E /* DataModelTests.m in Sources */,
				27E5533E18E1EBEB0008CB8E /* CodeFinderTests.m in Sources */,
				27E5533F18E1EBEB0008CB8E /* ViewControllerTests.m in Sources */,
			);
			runOnlyForDeploymentPostprocessing = 0;
		};
/* End PBXSourcesBuildPhase section */

/* Begin PBXTargetDependency section */
		27E5533918E1EB910008CB8E /* PBXTargetDependency */ = {
			isa = PBXTargetDependency;
			target = 2703FD0C175E7D7600E3C8E9 /* ProduceFinder */;
			targetProxy = 27E5533818E1EB910008CB8E /* PBXContainerItemProxy */;
		};
/* End PBXTargetDependency section */

/* Begin PBXVariantGroup section */
		2703FD1B175E7D7600E3C8E9 /* InfoPlist.strings */ = {
			isa = PBXVariantGroup;
			children = (
				2703FD1C175E7D7600E3C8E9 /* en */,
			);
			name = InfoPlist.strings;
			sourceTree = "<group>";
		};
		27E5533218E1EB910008CB8E /* InfoPlist.strings */ = {
			isa = PBXVariantGroup;
			children = (
				27E5533318E1EB910008CB8E /* en */,
			);
			name = InfoPlist.strings;
			sourceTree = "<group>";
		};
/* End PBXVariantGroup section */

/* Begin XCBuildConfiguration section */
		2703FD43175E7D7600E3C8E9 /* Debug */ = {
			isa = XCBuildConfiguration;
			buildSettings = {
				ALWAYS_SEARCH_USER_PATHS = NO;
				CLANG_CXX_LANGUAGE_STANDARD = "gnu++0x";
				CLANG_CXX_LIBRARY = "libc++";
				CLANG_ENABLE_OBJC_ARC = YES;
				CLANG_WARN_CONSTANT_CONVERSION = YES;
				CLANG_WARN_EMPTY_BODY = YES;
				CLANG_WARN_ENUM_CONVERSION = YES;
				CLANG_WARN_INT_CONVERSION = YES;
				CLANG_WARN__DUPLICATE_METHOD_MATCH = YES;
				"CODE_SIGN_IDENTITY[sdk=iphoneos*]" = "iPhone Developer";
				COPY_PHASE_STRIP = NO;
				GCC_C_LANGUAGE_STANDARD = gnu99;
				GCC_DYNAMIC_NO_PIC = NO;
				GCC_OPTIMIZATION_LEVEL = 0;
				GCC_PREPROCESSOR_DEFINITIONS = (
					"DEBUG=1",
					"$(inherited)",
				);
				GCC_SYMBOLS_PRIVATE_EXTERN = NO;
				GCC_WARN_ABOUT_RETURN_TYPE = YES;
				GCC_WARN_UNINITIALIZED_AUTOS = YES;
				GCC_WARN_UNUSED_VARIABLE = YES;
				IPHONEOS_DEPLOYMENT_TARGET = 6.1;
				ONLY_ACTIVE_ARCH = YES;
				SDKROOT = iphoneos;
			};
			name = Debug;
		};
		2703FD44175E7D7600E3C8E9 /* Release */ = {
			isa = XCBuildConfiguration;
			buildSettings = {
				ALWAYS_SEARCH_USER_PATHS = NO;
				CLANG_CXX_LANGUAGE_STANDARD = "gnu++0x";
				CLANG_CXX_LIBRARY = "libc++";
				CLANG_ENABLE_OBJC_ARC = YES;
				CLANG_WARN_CONSTANT_CONVERSION = YES;
				CLANG_WARN_EMPTY_BODY = YES;
				CLANG_WARN_ENUM_CONVERSION = YES;
				CLANG_WARN_INT_CONVERSION = YES;
				CLANG_WARN__DUPLICATE_METHOD_MATCH = YES;
				"CODE_SIGN_IDENTITY[sdk=iphoneos*]" = "iPhone Developer";
				COPY_PHASE_STRIP = YES;
				GCC_C_LANGUAGE_STANDARD = gnu99;
				GCC_WARN_ABOUT_RETURN_TYPE = YES;
				GCC_WARN_UNINITIALIZED_AUTOS = YES;
				GCC_WARN_UNUSED_VARIABLE = YES;
				IPHONEOS_DEPLOYMENT_TARGET = 6.1;
				OTHER_CFLAGS = "-DNS_BLOCK_ASSERTIONS=1";
				SDKROOT = iphoneos;
				VALIDATE_PRODUCT = YES;
			};
			name = Release;
		};
		2703FD46175E7D7600E3C8E9 /* Debug */ = {
			isa = XCBuildConfiguration;
			buildSettings = {
				GCC_PRECOMPILE_PREFIX_HEADER = YES;
				GCC_PREFIX_HEADER = "ProduceFinder/ProduceFinder-Prefix.pch";
				INFOPLIST_FILE = "ProduceFinder/ProduceFinder-Info.plist";
				IPHONEOS_DEPLOYMENT_TARGET = 4.3;
				PRODUCT_NAME = "$(TARGET_NAME)";
				WRAPPER_EXTENSION = app;
			};
			name = Debug;
		};
		2703FD47175E7D7600E3C8E9 /* Release */ = {
			isa = XCBuildConfiguration;
			buildSettings = {
				GCC_PRECOMPILE_PREFIX_HEADER = YES;
				GCC_PREFIX_HEADER = "ProduceFinder/ProduceFinder-Prefix.pch";
				INFOPLIST_FILE = "ProduceFinder/ProduceFinder-Info.plist";
				IPHONEOS_DEPLOYMENT_TARGET = 4.3;
				PRODUCT_NAME = "$(TARGET_NAME)";
				WRAPPER_EXTENSION = app;
			};
			name = Release;
		};
		27E5533B18E1EB910008CB8E /* Debug */ = {
			isa = XCBuildConfiguration;
			buildSettings = {
				BUNDLE_LOADER = "$(BUILT_PRODUCTS_DIR)/ProduceFinder.app/ProduceFinder";
				CLANG_ENABLE_MODULES = YES;
				CLANG_WARN_BOOL_CONVERSION = YES;
				CLANG_WARN_DIRECT_OBJC_ISA_USAGE = YES_ERROR;
				CLANG_WARN_OBJC_ROOT_CLASS = YES_ERROR;
				FRAMEWORK_SEARCH_PATHS = (
					"$(SDKROOT)/Developer/Library/Frameworks",
					"$(inherited)",
					"$(DEVELOPER_FRAMEWORKS_DIR)",
				);
				GCC_PRECOMPILE_PREFIX_HEADER = YES;
				GCC_PREFIX_HEADER = "ProduceFinder Tests/ProduceFinder Tests-Prefix.pch";
				GCC_PREPROCESSOR_DEFINITIONS = (
					"DEBUG=1",
					"$(inherited)",
				);
				GCC_WARN_64_TO_32_BIT_CONVERSION = YES;
				GCC_WARN_ABOUT_RETURN_TYPE = YES_ERROR;
				GCC_WARN_UNDECLARED_SELECTOR = YES;
				GCC_WARN_UNINITIALIZED_AUTOS = YES_AGGRESSIVE;
				GCC_WARN_UNUSED_FUNCTION = YES;
				INFOPLIST_FILE = "ProduceFinder Tests/ProduceFinder Tests-Info.plist";
				IPHONEOS_DEPLOYMENT_TARGET = 7.1;
				PRODUCT_NAME = "$(TARGET_NAME)";
				TEST_HOST = "$(BUNDLE_LOADER)";
				WRAPPER_EXTENSION = xctest;
			};
			name = Debug;
		};
		27E5533C18E1EB910008CB8E /* Release */ = {
			isa = XCBuildConfiguration;
			buildSettings = {
				BUNDLE_LOADER = "$(BUILT_PRODUCTS_DIR)/ProduceFinder.app/ProduceFinder";
				CLANG_ENABLE_MODULES = YES;
				CLANG_WARN_BOOL_CONVERSION = YES;
				CLANG_WARN_DIRECT_OBJC_ISA_USAGE = YES_ERROR;
				CLANG_WARN_OBJC_ROOT_CLASS = YES_ERROR;
				ENABLE_NS_ASSERTIONS = NO;
				FRAMEWORK_SEARCH_PATHS = (
					"$(SDKROOT)/Developer/Library/Frameworks",
					"$(inherited)",
					"$(DEVELOPER_FRAMEWORKS_DIR)",
				);
				GCC_PRECOMPILE_PREFIX_HEADER = YES;
				GCC_PREFIX_HEADER = "ProduceFinder Tests/ProduceFinder Tests-Prefix.pch";
				GCC_WARN_64_TO_32_BIT_CONVERSION = YES;
				GCC_WARN_ABOUT_RETURN_TYPE = YES_ERROR;
				GCC_WARN_UNDECLARED_SELECTOR = YES;
				GCC_WARN_UNINITIALIZED_AUTOS = YES_AGGRESSIVE;
				GCC_WARN_UNUSED_FUNCTION = YES;
				INFOPLIST_FILE = "ProduceFinder Tests/ProduceFinder Tests-Info.plist";
				IPHONEOS_DEPLOYMENT_TARGET = 7.1;
				PRODUCT_NAME = "$(TARGET_NAME)";
				TEST_HOST = "$(BUNDLE_LOADER)";
				WRAPPER_EXTENSION = xctest;
			};
			name = Release;
		};
/* End XCBuildConfiguration section */

/* Begin XCConfigurationList section */
		2703FD08175E7D7600E3C8E9 /* Build configuration list for PBXProject "ProduceFinder" */ = {
			isa = XCConfigurationList;
			buildConfigurations = (
				2703FD43175E7D7600E3C8E9 /* Debug */,
				2703FD44175E7D7600E3C8E9 /* Release */,
			);
			defaultConfigurationIsVisible = 0;
			defaultConfigurationName = Release;
		};
		2703FD45175E7D7600E3C8E9 /* Build configuration list for PBXNativeTarget "ProduceFinder" */ = {
			isa = XCConfigurationList;
			buildConfigurations = (
				2703FD46175E7D7600E3C8E9 /* Debug */,
				2703FD47175E7D7600E3C8E9 /* Release */,
			);
			defaultConfigurationIsVisible = 0;
			defaultConfigurationName = Release;
		};
		27E5533A18E1EB910008CB8E /* Build configuration list for PBXNativeTarget "ProduceFinder Tests" */ = {
			isa = XCConfigurationList;
			buildConfigurations = (
				27E5533B18E1EB910008CB8E /* Debug */,
				27E5533C18E1EB910008CB8E /* Release */,
			);
			defaultConfigurationIsVisible = 0;
			defaultConfigurationName = Release;
		};
/* End XCConfigurationList section */
	};
	rootObject = 2703FD05175E7D7600E3C8E9 /* Project object */;
}
