// !$*UTF8*$!
{
	archiveVersion = 1;
	classes = {
	};
	objectVersion = 46;
	objects = {

/* Begin PBXBuildFile section */
		2703FD11175E7D7600E3C8E9 /* UIKit.framework in Frameworks */ = {isa = PBXBuildFile; fileRef = 2703FD10175E7D7600E3C8E9 /* UIKit.framework */; };
		2703FD13175E7D7600E3C8E9 /* Foundation.framework in Frameworks */ = {isa = PBXBuildFile; fileRef = 2703FD12175E7D7600E3C8E9 /* Foundation.framework */; };
		2703FD15175E7D7600E3C8E9 /* CoreGraphics.framework in Frameworks */ = {isa = PBXBuildFile; fileRef = 2703FD14175E7D7600E3C8E9 /* CoreGraphics.framework */; };
		2703FD17175E7D7600E3C8E9 /* CoreData.framework in Frameworks */ = {isa = PBXBuildFile; fileRef = 2703FD16175E7D7600E3C8E9 /* CoreData.framework */; };
		2703FD1D175E7D7600E3C8E9 /* InfoPlist.strings in Resources */ = {isa = PBXBuildFile; fileRef = 2703FD1B175E7D7600E3C8E9 /* InfoPlist.strings */; };
		2703FD1F175E7D7600E3C8E9 /* main.m in Sources */ = {isa = PBXBuildFile; fileRef = 2703FD1E175E7D7600E3C8E9 /* main.m */; };
		2703FD23175E7D7600E3C8E9 /* AppDelegate.m in Sources */ = {isa = PBXBuildFile; fileRef = 2703FD22175E7D7600E3C8E9 /* AppDelegate.m */; };
		2703FD2C175E7D7600E3C8E9 /* ProduceFinder.xcdatamodeld in Sources */ = {isa = PBXBuildFile; fileRef = 2703FD2A175E7D7600E3C8E9 /* ProduceFinder.xcdatamodeld */; };
		2703FD34175E7D7600E3C8E9 /* SenTestingKit.framework in Frameworks */ = {isa = PBXBuildFile; fileRef = 2703FD33175E7D7600E3C8E9 /* SenTestingKit.framework */; };
		2703FD35175E7D7600E3C8E9 /* UIKit.framework in Frameworks */ = {isa = PBXBuildFile; fileRef = 2703FD10175E7D7600E3C8E9 /* UIKit.framework */; };
		2703FD36175E7D7600E3C8E9 /* Foundation.framework in Frameworks */ = {isa = PBXBuildFile; fileRef = 2703FD12175E7D7600E3C8E9 /* Foundation.framework */; };
		2703FD37175E7D7600E3C8E9 /* CoreData.framework in Frameworks */ = {isa = PBXBuildFile; fileRef = 2703FD16175E7D7600E3C8E9 /* CoreData.framework */; };
		2703FD3F175E7D7600E3C8E9 /* InfoPlist.strings in Resources */ = {isa = PBXBuildFile; fileRef = 2703FD3D175E7D7600E3C8E9 /* InfoPlist.strings */; };
		2703FD42175E7D7600E3C8E9 /* ProduceFinderTests.m in Sources */ = {isa = PBXBuildFile; fileRef = 2703FD41175E7D7600E3C8E9 /* ProduceFinderTests.m */; };
		27C8FA3E1766CB3B00F5D822 /* DataModel.m in Sources */ = {isa = PBXBuildFile; fileRef = 27F0DE2C1760359C0094E333 /* DataModel.m */; };
		27C8FA3F1766CB4A00F5D822 /* ProduceTracker.db in Resources */ = {isa = PBXBuildFile; fileRef = 27F0DE36176035C00094E333 /* ProduceTracker.db */; };
		27C8FA401766CB6C00F5D822 /* libsqlite3.0.dylib in Frameworks */ = {isa = PBXBuildFile; fileRef = 27F0DE6A17613FB90094E333 /* libsqlite3.0.dylib */; };
		27F0DE301760359C0094E333 /* CodeFinder.m in Sources */ = {isa = PBXBuildFile; fileRef = 27F0DE291760359C0094E333 /* CodeFinder.m */; };
		27F0DE311760359C0094E333 /* CodeFinder.xib in Resources */ = {isa = PBXBuildFile; fileRef = 27F0DE2A1760359C0094E333 /* CodeFinder.xib */; };
		27F0DE321760359C0094E333 /* DataModel.m in Sources */ = {isa = PBXBuildFile; fileRef = 27F0DE2C1760359C0094E333 /* DataModel.m */; };
		27F0DE331760359C0094E333 /* ProduceFinderViewController.m in Sources */ = {isa = PBXBuildFile; fileRef = 27F0DE2E1760359C0094E333 /* ProduceFinderViewController.m */; };
		27F0DE341760359C0094E333 /* ProduceFinderViewController.xib in Resources */ = {isa = PBXBuildFile; fileRef = 27F0DE2F1760359C0094E333 /* ProduceFinderViewController.xib */; };
		27F0DE37176035C00094E333 /* ProduceTracker.db in Resources */ = {isa = PBXBuildFile; fileRef = 27F0DE36176035C00094E333 /* ProduceTracker.db */; };
		27F0DE4E176035EE0094E333 /* darkbutton.png in Resources */ = {isa = PBXBuildFile; fileRef = 27F0DE38176035EE0094E333 /* darkbutton.png */; };
		27F0DE4F176035EE0094E333 /* darkbutton@2x.png in Resources */ = {isa = PBXBuildFile; fileRef = 27F0DE39176035EE0094E333 /* darkbutton@2x.png */; };
		27F0DE50176035EE0094E333 /* dataviewbacker.png in Resources */ = {isa = PBXBuildFile; fileRef = 27F0DE3A176035EE0094E333 /* dataviewbacker.png */; };
		27F0DE51176035EE0094E333 /* dataviewbacker@2x.png in Resources */ = {isa = PBXBuildFile; fileRef = 27F0DE3B176035EE0094E333 /* dataviewbacker@2x.png */; };
		27F0DE52176035EE0094E333 /* Default-568h@2x.png in Resources */ = {isa = PBXBuildFile; fileRef = 27F0DE3C176035EE0094E333 /* Default-568h@2x.png */; };
		27F0DE53176035EE0094E333 /* default.png in Resources */ = {isa = PBXBuildFile; fileRef = 27F0DE3D176035EE0094E333 /* default.png */; };
		27F0DE54176035EE0094E333 /* default@2x.png in Resources */ = {isa = PBXBuildFile; fileRef = 27F0DE3E176035EE0094E333 /* default@2x.png */; };
		27F0DE55176035EE0094E333 /* iOS Simulator Screen shot Jun 2, 2013 5.17.12 PM.png in Resources */ = {isa = PBXBuildFile; fileRef = 27F0DE3F176035EE0094E333 /* iOS Simulator Screen shot Jun 2, 2013 5.17.12 PM.png */; };
		27F0DE56176035EE0094E333 /* newshot.png in Resources */ = {isa = PBXBuildFile; fileRef = 27F0DE40176035EE0094E333 /* newshot.png */; };
		27F0DE57176035EE0094E333 /* newshotone.png in Resources */ = {isa = PBXBuildFile; fileRef = 27F0DE41176035EE0094E333 /* newshotone.png */; };
		27F0DE58176035EE0094E333 /* newshotthree.png in Resources */ = {isa = PBXBuildFile; fileRef = 27F0DE42176035EE0094E333 /* newshotthree.png */; };
		27F0DE59176035EE0094E333 /* newshottwo.png in Resources */ = {isa = PBXBuildFile; fileRef = 27F0DE43176035EE0094E333 /* newshottwo.png */; };
		27F0DE5A176035EE0094E333 /* PFBigLogo.png in Resources */ = {isa = PBXBuildFile; fileRef = 27F0DE44176035EE0094E333 /* PFBigLogo.png */; };
		27F0DE5B176035EE0094E333 /* pfdarkbuttonpressed.png in Resources */ = {isa = PBXBuildFile; fileRef = 27F0DE45176035EE0094E333 /* pfdarkbuttonpressed.png */; };
		27F0DE5C176035EE0094E333 /* pfdarkbuttonpressed@2x.png in Resources */ = {isa = PBXBuildFile; fileRef = 27F0DE46176035EE0094E333 /* pfdarkbuttonpressed@2x.png */; };
		27F0DE5D176035EE0094E333 /* PFLogo.png in Resources */ = {isa = PBXBuildFile; fileRef = 27F0DE47176035EE0094E333 /* PFLogo.png */; };
		27F0DE5E176035EE0094E333 /* PFLogo@2x.png in Resources */ = {isa = PBXBuildFile; fileRef = 27F0DE48176035EE0094E333 /* PFLogo@2x.png */; };
		27F0DE5F176035EE0094E333 /* PFLogoPiece.png in Resources */ = {isa = PBXBuildFile; fileRef = 27F0DE49176035EE0094E333 /* PFLogoPiece.png */; };
		27F0DE62176035EE0094E333 /* Separator2.png in Resources */ = {isa = PBXBuildFile; fileRef = 27F0DE4C176035EE0094E333 /* Separator2.png */; };
		27F0DE63176035EE0094E333 /* Separator2@2x.png in Resources */ = {isa = PBXBuildFile; fileRef = 27F0DE4D176035EE0094E333 /* Separator2@2x.png */; };
		27F0DE65176036BE0094E333 /* Default@2x.png in Resources */ = {isa = PBXBuildFile; fileRef = 27F0DE64176036BE0094E333 /* Default@2x.png */; };
		27F0DE67176036D70094E333 /* PFSmallLogo@2x.png in Resources */ = {isa = PBXBuildFile; fileRef = 27F0DE66176036D70094E333 /* PFSmallLogo@2x.png */; };
		27F0DE69176038840094E333 /* PFSmallLogo.png in Resources */ = {isa = PBXBuildFile; fileRef = 27F0DE68176038840094E333 /* PFSmallLogo.png */; };
		27F0DE6B17613FB90094E333 /* libsqlite3.0.dylib in Frameworks */ = {isa = PBXBuildFile; fileRef = 27F0DE6A17613FB90094E333 /* libsqlite3.0.dylib */; };
/* End PBXBuildFile section */

/* Begin PBXContainerItemProxy section */
		2703FD38175E7D7600E3C8E9 /* PBXContainerItemProxy */ = {
			isa = PBXContainerItemProxy;
			containerPortal = 2703FD05175E7D7600E3C8E9 /* Project object */;
			proxyType = 1;
			remoteGlobalIDString = 2703FD0C175E7D7600E3C8E9;
			remoteInfo = ProduceFinder;
		};
/* End PBXContainerItemProxy section */

/* Begin PBXFileReference section */
		2703FD0D175E7D7600E3C8E9 /* ProduceFinder.app */ = {isa = PBXFileReference; explicitFileType = wrapper.application; includeInIndex = 0; path = ProduceFinder.app; sourceTree = BUILT_PRODUCTS_DIR; };
		2703FD10175E7D7600E3C8E9 /* UIKit.framework */ = {isa = PBXFileReference; lastKnownFileType = wrapper.framework; name = UIKit.framework; path = System/Library/Frameworks/UIKit.framework; sourceTree = SDKROOT; };
		2703FD12175E7D7600E3C8E9 /* Foundation.framework */ = {isa = PBXFileReference; lastKnownFileType = wrapper.framework; name = Foundation.framework; path = System/Library/Frameworks/Foundation.framework; sourceTree = SDKROOT; };
		2703FD14175E7D7600E3C8E9 /* CoreGraphics.framework */ = {isa = PBXFileReference; lastKnownFileType = wrapper.framework; name = CoreGraphics.framework; path = System/Library/Frameworks/CoreGraphics.framework; sourceTree = SDKROOT; };
		2703FD16175E7D7600E3C8E9 /* CoreData.framework */ = {isa = PBXFileReference; lastKnownFileType = wrapper.framework; name = CoreData.framework; path = System/Library/Frameworks/CoreData.framework; sourceTree = SDKROOT; };
		2703FD1A175E7D7600E3C8E9 /* ProduceFinder-Info.plist */ = {isa = PBXFileReference; lastKnownFileType = text.plist.xml; path = "ProduceFinder-Info.plist"; sourceTree = "<group>"; };
		2703FD1C175E7D7600E3C8E9 /* en */ = {isa = PBXFileReference; lastKnownFileType = text.plist.strings; name = en; path = en.lproj/InfoPlist.strings; sourceTree = "<group>"; };
		2703FD1E175E7D7600E3C8E9 /* main.m */ = {isa = PBXFileReference; lastKnownFileType = sourcecode.c.objc; path = main.m; sourceTree = "<group>"; };
		2703FD20175E7D7600E3C8E9 /* ProduceFinder-Prefix.pch */ = {isa = PBXFileReference; lastKnownFileType = sourcecode.c.h; path = "ProduceFinder-Prefix.pch"; sourceTree = "<group>"; };
		2703FD21175E7D7600E3C8E9 /* AppDelegate.h */ = {isa = PBXFileReference; lastKnownFileType = sourcecode.c.h; path = AppDelegate.h; sourceTree = "<group>"; };
		2703FD22175E7D7600E3C8E9 /* AppDelegate.m */ = {isa = PBXFileReference; lastKnownFileType = sourcecode.c.objc; path = AppDelegate.m; sourceTree = "<group>"; };
		2703FD2B175E7D7600E3C8E9 /* ProduceFinder.xcdatamodel */ = {isa = PBXFileReference; lastKnownFileType = wrapper.xcdatamodel; path = ProduceFinder.xcdatamodel; sourceTree = "<group>"; };
		2703FD32175E7D7600E3C8E9 /* ProduceFinderTests.octest */ = {isa = PBXFileReference; explicitFileType = wrapper.cfbundle; includeInIndex = 0; path = ProduceFinderTests.octest; sourceTree = BUILT_PRODUCTS_DIR; };
		2703FD33175E7D7600E3C8E9 /* SenTestingKit.framework */ = {isa = PBXFileReference; lastKnownFileType = wrapper.framework; name = SenTestingKit.framework; path = Library/Frameworks/SenTestingKit.framework; sourceTree = DEVELOPER_DIR; };
		2703FD3C175E7D7600E3C8E9 /* ProduceFinderTests-Info.plist */ = {isa = PBXFileReference; lastKnownFileType = text.plist.xml; path = "ProduceFinderTests-Info.plist"; sourceTree = "<group>"; };
		2703FD3E175E7D7600E3C8E9 /* en */ = {isa = PBXFileReference; lastKnownFileType = text.plist.strings; name = en; path = en.lproj/InfoPlist.strings; sourceTree = "<group>"; };
		2703FD40175E7D7600E3C8E9 /* ProduceFinderTests.h */ = {isa = PBXFileReference; lastKnownFileType = sourcecode.c.h; path = ProduceFinderTests.h; sourceTree = "<group>"; };
		2703FD41175E7D7600E3C8E9 /* ProduceFinderTests.m */ = {isa = PBXFileReference; lastKnownFileType = sourcecode.c.objc; path = ProduceFinderTests.m; sourceTree = "<group>"; };
		27F0DE281760359C0094E333 /* CodeFinder.h */ = {isa = PBXFileReference; fileEncoding = 4; lastKnownFileType = sourcecode.c.h; name = CodeFinder.h; path = Classes/CodeFinder.h; sourceTree = "<group>"; };
		27F0DE291760359C0094E333 /* CodeFinder.m */ = {isa = PBXFileReference; fileEncoding = 4; lastKnownFileType = sourcecode.c.objc; name = CodeFinder.m; path = Classes/CodeFinder.m; sourceTree = "<group>"; };
		27F0DE2A1760359C0094E333 /* CodeFinder.xib */ = {isa = PBXFileReference; fileEncoding = 4; lastKnownFileType = file.xib; name = CodeFinder.xib; path = Classes/CodeFinder.xib; sourceTree = "<group>"; };
		27F0DE2B1760359C0094E333 /* DataModel.h */ = {isa = PBXFileReference; fileEncoding = 4; lastKnownFileType = sourcecode.c.h; name = DataModel.h; path = Classes/DataModel.h; sourceTree = "<group>"; };
		27F0DE2C1760359C0094E333 /* DataModel.m */ = {isa = PBXFileReference; fileEncoding = 4; lastKnownFileType = sourcecode.c.objc; name = DataModel.m; path = Classes/DataModel.m; sourceTree = "<group>"; };
		27F0DE2D1760359C0094E333 /* ProduceFinderViewController.h */ = {isa = PBXFileReference; fileEncoding = 4; lastKnownFileType = sourcecode.c.h; name = ProduceFinderViewController.h; path = Classes/ProduceFinderViewController.h; sourceTree = "<group>"; };
		27F0DE2E1760359C0094E333 /* ProduceFinderViewController.m */ = {isa = PBXFileReference; fileEncoding = 4; lastKnownFileType = sourcecode.c.objc; name = ProduceFinderViewController.m; path = Classes/ProduceFinderViewController.m; sourceTree = "<group>"; };
		27F0DE2F1760359C0094E333 /* ProduceFinderViewController.xib */ = {isa = PBXFileReference; fileEncoding = 4; lastKnownFileType = file.xib; name = ProduceFinderViewController.xib; path = Classes/ProduceFinderViewController.xib; sourceTree = "<group>"; };
		27F0DE36176035C00094E333 /* ProduceTracker.db */ = {isa = PBXFileReference; lastKnownFileType = file; path = ProduceTracker.db; sourceTree = "<group>"; };
		27F0DE38176035EE0094E333 /* darkbutton.png */ = {isa = PBXFileReference; lastKnownFileType = image.png; name = darkbutton.png; path = Images/darkbutton.png; sourceTree = "<group>"; };
		27F0DE39176035EE0094E333 /* darkbutton@2x.png */ = {isa = PBXFileReference; lastKnownFileType = image.png; name = "darkbutton@2x.png"; path = "Images/darkbutton@2x.png"; sourceTree = "<group>"; };
		27F0DE3A176035EE0094E333 /* dataviewbacker.png */ = {isa = PBXFileReference; lastKnownFileType = image.png; name = dataviewbacker.png; path = Images/dataviewbacker.png; sourceTree = "<group>"; };
		27F0DE3B176035EE0094E333 /* dataviewbacker@2x.png */ = {isa = PBXFileReference; lastKnownFileType = image.png; name = "dataviewbacker@2x.png"; path = "Images/dataviewbacker@2x.png"; sourceTree = "<group>"; };
		27F0DE3C176035EE0094E333 /* Default-568h@2x.png */ = {isa = PBXFileReference; lastKnownFileType = image.png; name = "Default-568h@2x.png"; path = "Images/Default-568h@2x.png"; sourceTree = "<group>"; };
		27F0DE3D176035EE0094E333 /* default.png */ = {isa = PBXFileReference; lastKnownFileType = image.png; name = default.png; path = Images/default.png; sourceTree = "<group>"; };
		27F0DE3E176035EE0094E333 /* default@2x.png */ = {isa = PBXFileReference; lastKnownFileType = image.png; name = "default@2x.png"; path = "Images/default@2x.png"; sourceTree = "<group>"; };
		27F0DE3F176035EE0094E333 /* iOS Simulator Screen shot Jun 2, 2013 5.17.12 PM.png */ = {isa = PBXFileReference; lastKnownFileType = image.png; name = "iOS Simulator Screen shot Jun 2, 2013 5.17.12 PM.png"; path = "Images/iOS Simulator Screen shot Jun 2, 2013 5.17.12 PM.png"; sourceTree = "<group>"; };
		27F0DE40176035EE0094E333 /* newshot.png */ = {isa = PBXFileReference; lastKnownFileType = image.png; name = newshot.png; path = Images/newshot.png; sourceTree = "<group>"; };
		27F0DE41176035EE0094E333 /* newshotone.png */ = {isa = PBXFileReference; lastKnownFileType = image.png; name = newshotone.png; path = Images/newshotone.png; sourceTree = "<group>"; };
		27F0DE42176035EE0094E333 /* newshotthree.png */ = {isa = PBXFileReference; lastKnownFileType = image.png; name = newshotthree.png; path = Images/newshotthree.png; sourceTree = "<group>"; };
		27F0DE43176035EE0094E333 /* newshottwo.png */ = {isa = PBXFileReference; lastKnownFileType = image.png; name = newshottwo.png; path = Images/newshottwo.png; sourceTree = "<group>"; };
		27F0DE44176035EE0094E333 /* PFBigLogo.png */ = {isa = PBXFileReference; lastKnownFileType = image.png; name = PFBigLogo.png; path = Images/PFBigLogo.png; sourceTree = "<group>"; };
		27F0DE45176035EE0094E333 /* pfdarkbuttonpressed.png */ = {isa = PBXFileReference; lastKnownFileType = image.png; name = pfdarkbuttonpressed.png; path = Images/pfdarkbuttonpressed.png; sourceTree = "<group>"; };
		27F0DE46176035EE0094E333 /* pfdarkbuttonpressed@2x.png */ = {isa = PBXFileReference; lastKnownFileType = image.png; name = "pfdarkbuttonpressed@2x.png"; path = "Images/pfdarkbuttonpressed@2x.png"; sourceTree = "<group>"; };
		27F0DE47176035EE0094E333 /* PFLogo.png */ = {isa = PBXFileReference; lastKnownFileType = image.png; name = PFLogo.png; path = Images/PFLogo.png; sourceTree = "<group>"; };
		27F0DE48176035EE0094E333 /* PFLogo@2x.png */ = {isa = PBXFileReference; lastKnownFileType = image.png; name = "PFLogo@2x.png"; path = "Images/PFLogo@2x.png"; sourceTree = "<group>"; };
		27F0DE49176035EE0094E333 /* PFLogoPiece.png */ = {isa = PBXFileReference; lastKnownFileType = image.png; name = PFLogoPiece.png; path = Images/PFLogoPiece.png; sourceTree = "<group>"; };
		27F0DE4C176035EE0094E333 /* Separator2.png */ = {isa = PBXFileReference; lastKnownFileType = image.png; name = Separator2.png; path = Images/Separator2.png; sourceTree = "<group>"; };
		27F0DE4D176035EE0094E333 /* Separator2@2x.png */ = {isa = PBXFileReference; lastKnownFileType = image.png; name = "Separator2@2x.png"; path = "Images/Separator2@2x.png"; sourceTree = "<group>"; };
		27F0DE64176036BE0094E333 /* Default@2x.png */ = {isa = PBXFileReference; lastKnownFileType = image.png; name = "Default@2x.png"; path = "../Default@2x.png"; sourceTree = "<group>"; };
		27F0DE66176036D70094E333 /* PFSmallLogo@2x.png */ = {isa = PBXFileReference; lastKnownFileType = image.png; name = "PFSmallLogo@2x.png"; path = "../PFSmallLogo@2x.png"; sourceTree = "<group>"; };
		27F0DE68176038840094E333 /* PFSmallLogo.png */ = {isa = PBXFileReference; lastKnownFileType = image.png; name = PFSmallLogo.png; path = ../PFSmallLogo.png; sourceTree = "<group>"; };
		27F0DE6A17613FB90094E333 /* libsqlite3.0.dylib */ = {isa = PBXFileReference; lastKnownFileType = "compiled.mach-o.dylib"; name = libsqlite3.0.dylib; path = usr/lib/libsqlite3.0.dylib; sourceTree = SDKROOT; };
/* End PBXFileReference section */

/* Begin PBXFrameworksBuildPhase section */
		2703FD0A175E7D7600E3C8E9 /* Frameworks */ = {
			isa = PBXFrameworksBuildPhase;
			buildActionMask = 2147483647;
			files = (
				27F0DE6B17613FB90094E333 /* libsqlite3.0.dylib in Frameworks */,
				2703FD11175E7D7600E3C8E9 /* UIKit.framework in Frameworks */,
				2703FD13175E7D7600E3C8E9 /* Foundation.framework in Frameworks */,
				2703FD15175E7D7600E3C8E9 /* CoreGraphics.framework in Frameworks */,
				2703FD17175E7D7600E3C8E9 /* CoreData.framework in Frameworks */,
			);
			runOnlyForDeploymentPostprocessing = 0;
		};
		2703FD2E175E7D7600E3C8E9 /* Frameworks */ = {
			isa = PBXFrameworksBuildPhase;
			buildActionMask = 2147483647;
			files = (
				27C8FA401766CB6C00F5D822 /* libsqlite3.0.dylib in Frameworks */,
				2703FD34175E7D7600E3C8E9 /* SenTestingKit.framework in Frameworks */,
				2703FD35175E7D7600E3C8E9 /* UIKit.framework in Frameworks */,
				2703FD36175E7D7600E3C8E9 /* Foundation.framework in Frameworks */,
				2703FD37175E7D7600E3C8E9 /* CoreData.framework in Frameworks */,
			);
			runOnlyForDeploymentPostprocessing = 0;
		};
/* End PBXFrameworksBuildPhase section */

/* Begin PBXGroup section */
		2703FD04175E7D7600E3C8E9 = {
			isa = PBXGroup;
			children = (
				2703FD18175E7D7600E3C8E9 /* ProduceFinder */,
				2703FD3A175E7D7600E3C8E9 /* ProduceFinderTests */,
				2703FD0F175E7D7600E3C8E9 /* Frameworks */,
				2703FD0E175E7D7600E3C8E9 /* Products */,
			);
			sourceTree = "<group>";
		};
		2703FD0E175E7D7600E3C8E9 /* Products */ = {
			isa = PBXGroup;
			children = (
				2703FD0D175E7D7600E3C8E9 /* ProduceFinder.app */,
				2703FD32175E7D7600E3C8E9 /* ProduceFinderTests.octest */,
			);
			name = Products;
			sourceTree = "<group>";
		};
		2703FD0F175E7D7600E3C8E9 /* Frameworks */ = {
			isa = PBXGroup;
			children = (
				27F0DE6A17613FB90094E333 /* libsqlite3.0.dylib */,
				2703FD10175E7D7600E3C8E9 /* UIKit.framework */,
				2703FD12175E7D7600E3C8E9 /* Foundation.framework */,
				2703FD14175E7D7600E3C8E9 /* CoreGraphics.framework */,
				2703FD16175E7D7600E3C8E9 /* CoreData.framework */,
				2703FD33175E7D7600E3C8E9 /* SenTestingKit.framework */,
			);
			name = Frameworks;
			sourceTree = "<group>";
		};
		2703FD18175E7D7600E3C8E9 /* ProduceFinder */ = {
			isa = PBXGroup;
			children = (
				27F0DE35176035AE0094E333 /* Images */,
				27F0DE281760359C0094E333 /* CodeFinder.h */,
				27F0DE291760359C0094E333 /* CodeFinder.m */,
				27F0DE2A1760359C0094E333 /* CodeFinder.xib */,
				27F0DE2B1760359C0094E333 /* DataModel.h */,
				27F0DE2C1760359C0094E333 /* DataModel.m */,
				27F0DE2D1760359C0094E333 /* ProduceFinderViewController.h */,
				27F0DE2E1760359C0094E333 /* ProduceFinderViewController.m */,
				27F0DE2F1760359C0094E333 /* ProduceFinderViewController.xib */,
				2703FD21175E7D7600E3C8E9 /* AppDelegate.h */,
				2703FD22175E7D7600E3C8E9 /* AppDelegate.m */,
				27F0DE36176035C00094E333 /* ProduceTracker.db */,
				2703FD2A175E7D7600E3C8E9 /* ProduceFinder.xcdatamodeld */,
				2703FD19175E7D7600E3C8E9 /* Supporting Files */,
			);
			path = ProduceFinder;
			sourceTree = "<group>";
		};
		2703FD19175E7D7600E3C8E9 /* Supporting Files */ = {
			isa = PBXGroup;
			children = (
				2703FD1A175E7D7600E3C8E9 /* ProduceFinder-Info.plist */,
				27F0DE3C176035EE0094E333 /* Default-568h@2x.png */,
				27F0DE3E176035EE0094E333 /* default@2x.png */,
				27F0DE3D176035EE0094E333 /* default.png */,
				2703FD1B175E7D7600E3C8E9 /* InfoPlist.strings */,
				2703FD1E175E7D7600E3C8E9 /* main.m */,
				2703FD20175E7D7600E3C8E9 /* ProduceFinder-Prefix.pch */,
			);
			name = "Supporting Files";
			sourceTree = "<group>";
		};
		2703FD3A175E7D7600E3C8E9 /* ProduceFinderTests */ = {
			isa = PBXGroup;
			children = (
				2703FD40175E7D7600E3C8E9 /* ProduceFinderTests.h */,
				2703FD41175E7D7600E3C8E9 /* ProduceFinderTests.m */,
				2703FD3B175E7D7600E3C8E9 /* Supporting Files */,
			);
			path = ProduceFinderTests;
			sourceTree = "<group>";
		};
		2703FD3B175E7D7600E3C8E9 /* Supporting Files */ = {
			isa = PBXGroup;
			children = (
				2703FD3C175E7D7600E3C8E9 /* ProduceFinderTests-Info.plist */,
				2703FD3D175E7D7600E3C8E9 /* InfoPlist.strings */,
			);
			name = "Supporting Files";
			sourceTree = "<group>";
		};
		27F0DE35176035AE0094E333 /* Images */ = {
			isa = PBXGroup;
			children = (
				27F0DE68176038840094E333 /* PFSmallLogo.png */,
				27F0DE66176036D70094E333 /* PFSmallLogo@2x.png */,
				27F0DE64176036BE0094E333 /* Default@2x.png */,
				27F0DE38176035EE0094E333 /* darkbutton.png */,
				27F0DE39176035EE0094E333 /* darkbutton@2x.png */,
				27F0DE3A176035EE0094E333 /* dataviewbacker.png */,
				27F0DE3B176035EE0094E333 /* dataviewbacker@2x.png */,
				27F0DE3F176035EE0094E333 /* iOS Simulator Screen shot Jun 2, 2013 5.17.12 PM.png */,
				27F0DE40176035EE0094E333 /* newshot.png */,
				27F0DE41176035EE0094E333 /* newshotone.png */,
				27F0DE42176035EE0094E333 /* newshotthree.png */,
				27F0DE43176035EE0094E333 /* newshottwo.png */,
				27F0DE44176035EE0094E333 /* PFBigLogo.png */,
				27F0DE45176035EE0094E333 /* pfdarkbuttonpressed.png */,
				27F0DE46176035EE0094E333 /* pfdarkbuttonpressed@2x.png */,
				27F0DE47176035EE0094E333 /* PFLogo.png */,
				27F0DE48176035EE0094E333 /* PFLogo@2x.png */,
				27F0DE49176035EE0094E333 /* PFLogoPiece.png */,
				27F0DE4C176035EE0094E333 /* Separator2.png */,
				27F0DE4D176035EE0094E333 /* Separator2@2x.png */,
			);
			name = Images;
			sourceTree = "<group>";
		};
/* End PBXGroup section */

/* Begin PBXNativeTarget section */
		2703FD0C175E7D7600E3C8E9 /* ProduceFinder */ = {
			isa = PBXNativeTarget;
			buildConfigurationList = 2703FD45175E7D7600E3C8E9 /* Build configuration list for PBXNativeTarget "ProduceFinder" */;
			buildPhases = (
				2703FD09175E7D7600E3C8E9 /* Sources */,
				2703FD0A175E7D7600E3C8E9 /* Frameworks */,
				2703FD0B175E7D7600E3C8E9 /* Resources */,
			);
			buildRules = (
			);
			dependencies = (
			);
			name = ProduceFinder;
			productName = ProduceFinder;
			productReference = 2703FD0D175E7D7600E3C8E9 /* ProduceFinder.app */;
			productType = "com.apple.product-type.application";
		};
		2703FD31175E7D7600E3C8E9 /* ProduceFinderTests */ = {
			isa = PBXNativeTarget;
			buildConfigurationList = 2703FD48175E7D7600E3C8E9 /* Build configuration list for PBXNativeTarget "ProduceFinderTests" */;
			buildPhases = (
				2703FD2D175E7D7600E3C8E9 /* Sources */,
				2703FD2E175E7D7600E3C8E9 /* Frameworks */,
				2703FD2F175E7D7600E3C8E9 /* Resources */,
				2703FD30175E7D7600E3C8E9 /* ShellScript */,
			);
			buildRules = (
			);
			dependencies = (
				2703FD39175E7D7600E3C8E9 /* PBXTargetDependency */,
			);
			name = ProduceFinderTests;
			productName = ProduceFinderTests;
			productReference = 2703FD32175E7D7600E3C8E9 /* ProduceFinderTests.octest */;
			productType = "com.apple.product-type.bundle";
		};
/* End PBXNativeTarget section */

/* Begin PBXProject section */
		2703FD05175E7D7600E3C8E9 /* Project object */ = {
			isa = PBXProject;
			attributes = {
				LastUpgradeCheck = 0460;
				ORGANIZATIONNAME = "Michael Alexander";
			};
			buildConfigurationList = 2703FD08175E7D7600E3C8E9 /* Build configuration list for PBXProject "ProduceFinder" */;
			compatibilityVersion = "Xcode 3.2";
			developmentRegion = English;
			hasScannedForEncodings = 0;
			knownRegions = (
				en,
			);
			mainGroup = 2703FD04175E7D7600E3C8E9;
			productRefGroup = 2703FD0E175E7D7600E3C8E9 /* Products */;
			projectDirPath = "";
			projectRoot = "";
			targets = (
				2703FD0C175E7D7600E3C8E9 /* ProduceFinder */,
				2703FD31175E7D7600E3C8E9 /* ProduceFinderTests */,
			);
		};
/* End PBXProject section */

/* Begin PBXResourcesBuildPhase section */
		2703FD0B175E7D7600E3C8E9 /* Resources */ = {
			isa = PBXResourcesBuildPhase;
			buildActionMask = 2147483647;
			files = (
				2703FD1D175E7D7600E3C8E9 /* InfoPlist.strings in Resources */,
				27F0DE311760359C0094E333 /* CodeFinder.xib in Resources */,
				27F0DE341760359C0094E333 /* ProduceFinderViewController.xib in Resources */,
				27F0DE37176035C00094E333 /* ProduceTracker.db in Resources */,
				27F0DE4E176035EE0094E333 /* darkbutton.png in Resources */,
				27F0DE4F176035EE0094E333 /* darkbutton@2x.png in Resources */,
				27F0DE50176035EE0094E333 /* dataviewbacker.png in Resources */,
				27F0DE51176035EE0094E333 /* dataviewbacker@2x.png in Resources */,
				27F0DE52176035EE0094E333 /* Default-568h@2x.png in Resources */,
				27F0DE53176035EE0094E333 /* default.png in Resources */,
				27F0DE54176035EE0094E333 /* default@2x.png in Resources */,
				27F0DE55176035EE0094E333 /* iOS Simulator Screen shot Jun 2, 2013 5.17.12 PM.png in Resources */,
				27F0DE56176035EE0094E333 /* newshot.png in Resources */,
				27F0DE57176035EE0094E333 /* newshotone.png in Resources */,
				27F0DE58176035EE0094E333 /* newshotthree.png in Resources */,
				27F0DE59176035EE0094E333 /* newshottwo.png in Resources */,
				27F0DE5A176035EE0094E333 /* PFBigLogo.png in Resources */,
				27F0DE5B176035EE0094E333 /* pfdarkbuttonpressed.png in Resources */,
				27F0DE5C176035EE0094E333 /* pfdarkbuttonpressed@2x.png in Resources */,
				27F0DE5D176035EE0094E333 /* PFLogo.png in Resources */,
				27F0DE5E176035EE0094E333 /* PFLogo@2x.png in Resources */,
				27F0DE5F176035EE0094E333 /* PFLogoPiece.png in Resources */,
				27F0DE62176035EE0094E333 /* Separator2.png in Resources */,
				27F0DE63176035EE0094E333 /* Separator2@2x.png in Resources */,
				27F0DE65176036BE0094E333 /* Default@2x.png in Resources */,
				27F0DE67176036D70094E333 /* PFSmallLogo@2x.png in Resources */,
				27F0DE69176038840094E333 /* PFSmallLogo.png in Resources */,
			);
			runOnlyForDeploymentPostprocessing = 0;
		};
		2703FD2F175E7D7600E3C8E9 /* Resources */ = {
			isa = PBXResourcesBuildPhase;
			buildActionMask = 2147483647;
			files = (
				27C8FA3F1766CB4A00F5D822 /* ProduceTracker.db in Resources */,
				2703FD3F175E7D7600E3C8E9 /* InfoPlist.strings in Resources */,
			);
			runOnlyForDeploymentPostprocessing = 0;
		};
/* End PBXResourcesBuildPhase section */

/* Begin PBXShellScriptBuildPhase section */
		2703FD30175E7D7600E3C8E9 /* ShellScript */ = {
			isa = PBXShellScriptBuildPhase;
			buildActionMask = 2147483647;
			files = (
			);
			inputPaths = (
			);
			outputPaths = (
			);
			runOnlyForDeploymentPostprocessing = 0;
			shellPath = /bin/sh;
			shellScript = "# Run the unit tests in this test bundle.\n\"${SYSTEM_DEVELOPER_DIR}/Tools/RunUnitTests\"\n";
		};
/* End PBXShellScriptBuildPhase section */

/* Begin PBXSourcesBuildPhase section */
		2703FD09175E7D7600E3C8E9 /* Sources */ = {
			isa = PBXSourcesBuildPhase;
			buildActionMask = 2147483647;
			files = (
				2703FD1F175E7D7600E3C8E9 /* main.m in Sources */,
				2703FD23175E7D7600E3C8E9 /* AppDelegate.m in Sources */,
				2703FD2C175E7D7600E3C8E9 /* ProduceFinder.xcdatamodeld in Sources */,
				27F0DE301760359C0094E333 /* CodeFinder.m in Sources */,
				27F0DE321760359C0094E333 /* DataModel.m in Sources */,
				27F0DE331760359C0094E333 /* ProduceFinderViewController.m in Sources */,
			);
			runOnlyForDeploymentPostprocessing = 0;
		};
		2703FD2D175E7D7600E3C8E9 /* Sources */ = {
			isa = PBXSourcesBuildPhase;
			buildActionMask = 2147483647;
			files = (
				27C8FA3E1766CB3B00F5D822 /* DataModel.m in Sources */,
				2703FD42175E7D7600E3C8E9 /* ProduceFinderTests.m in Sources */,
			);
			runOnlyForDeploymentPostprocessing = 0;
		};
/* End PBXSourcesBuildPhase section */

/* Begin PBXTargetDependency section */
		2703FD39175E7D7600E3C8E9 /* PBXTargetDependency */ = {
			isa = PBXTargetDependency;
			target = 2703FD0C175E7D7600E3C8E9 /* ProduceFinder */;
			targetProxy = 2703FD38175E7D7600E3C8E9 /* PBXContainerItemProxy */;
		};
/* End PBXTargetDependency section */

/* Begin PBXVariantGroup section */
		2703FD1B175E7D7600E3C8E9 /* InfoPlist.strings */ = {
			isa = PBXVariantGroup;
			children = (
				2703FD1C175E7D7600E3C8E9 /* en */,
			);
			name = InfoPlist.strings;
			sourceTree = "<group>";
		};
		2703FD3D175E7D7600E3C8E9 /* InfoPlist.strings */ = {
			isa = PBXVariantGroup;
			children = (
				2703FD3E175E7D7600E3C8E9 /* en */,
			);
			name = InfoPlist.strings;
			sourceTree = "<group>";
		};
/* End PBXVariantGroup section */

/* Begin XCBuildConfiguration section */
		2703FD43175E7D7600E3C8E9 /* Debug */ = {
			isa = XCBuildConfiguration;
			buildSettings = {
				ALWAYS_SEARCH_USER_PATHS = NO;
				CLANG_CXX_LANGUAGE_STANDARD = "gnu++0x";
				CLANG_CXX_LIBRARY = "libc++";
				CLANG_ENABLE_OBJC_ARC = YES;
				CLANG_WARN_CONSTANT_CONVERSION = YES;
				CLANG_WARN_EMPTY_BODY = YES;
				CLANG_WARN_ENUM_CONVERSION = YES;
				CLANG_WARN_INT_CONVERSION = YES;
				CLANG_WARN__DUPLICATE_METHOD_MATCH = YES;
				"CODE_SIGN_IDENTITY[sdk=iphoneos*]" = "iPhone Developer";
				COPY_PHASE_STRIP = NO;
				GCC_C_LANGUAGE_STANDARD = gnu99;
				GCC_DYNAMIC_NO_PIC = NO;
				GCC_OPTIMIZATION_LEVEL = 0;
				GCC_PREPROCESSOR_DEFINITIONS = (
					"DEBUG=1",
					"$(inherited)",
				);
				GCC_SYMBOLS_PRIVATE_EXTERN = NO;
				GCC_WARN_ABOUT_RETURN_TYPE = YES;
				GCC_WARN_UNINITIALIZED_AUTOS = YES;
				GCC_WARN_UNUSED_VARIABLE = YES;
				IPHONEOS_DEPLOYMENT_TARGET = 6.1;
				ONLY_ACTIVE_ARCH = YES;
				SDKROOT = iphoneos;
			};
			name = Debug;
		};
		2703FD44175E7D7600E3C8E9 /* Release */ = {
			isa = XCBuildConfiguration;
			buildSettings = {
				ALWAYS_SEARCH_USER_PATHS = NO;
				CLANG_CXX_LANGUAGE_STANDARD = "gnu++0x";
				CLANG_CXX_LIBRARY = "libc++";
				CLANG_ENABLE_OBJC_ARC = YES;
				CLANG_WARN_CONSTANT_CONVERSION = YES;
				CLANG_WARN_EMPTY_BODY = YES;
				CLANG_WARN_ENUM_CONVERSION = YES;
				CLANG_WARN_INT_CONVERSION = YES;
				CLANG_WARN__DUPLICATE_METHOD_MATCH = YES;
				"CODE_SIGN_IDENTITY[sdk=iphoneos*]" = "iPhone Developer";
				COPY_PHASE_STRIP = YES;
				GCC_C_LANGUAGE_STANDARD = gnu99;
				GCC_WARN_ABOUT_RETURN_TYPE = YES;
				GCC_WARN_UNINITIALIZED_AUTOS = YES;
				GCC_WARN_UNUSED_VARIABLE = YES;
				IPHONEOS_DEPLOYMENT_TARGET = 6.1;
				OTHER_CFLAGS = "-DNS_BLOCK_ASSERTIONS=1";
				SDKROOT = iphoneos;
				VALIDATE_PRODUCT = YES;
			};
			name = Release;
		};
		2703FD46175E7D7600E3C8E9 /* Debug */ = {
			isa = XCBuildConfiguration;
			buildSettings = {
				GCC_PRECOMPILE_PREFIX_HEADER = YES;
				GCC_PREFIX_HEADER = "ProduceFinder/ProduceFinder-Prefix.pch";
				INFOPLIST_FILE = "ProduceFinder/ProduceFinder-Info.plist";
				IPHONEOS_DEPLOYMENT_TARGET = 4.3;
				PRODUCT_NAME = "$(TARGET_NAME)";
				WRAPPER_EXTENSION = app;
			};
			name = Debug;
		};
		2703FD47175E7D7600E3C8E9 /* Release */ = {
			isa = XCBuildConfiguration;
			buildSettings = {
				GCC_PRECOMPILE_PREFIX_HEADER = YES;
				GCC_PREFIX_HEADER = "ProduceFinder/ProduceFinder-Prefix.pch";
				INFOPLIST_FILE = "ProduceFinder/ProduceFinder-Info.plist";
				IPHONEOS_DEPLOYMENT_TARGET = 4.3;
				PRODUCT_NAME = "$(TARGET_NAME)";
				WRAPPER_EXTENSION = app;
			};
			name = Release;
		};
		2703FD49175E7D7600E3C8E9 /* Debug */ = {
			isa = XCBuildConfiguration;
			buildSettings = {
				BUNDLE_LOADER = "$(BUILT_PRODUCTS_DIR)/ProduceFinder.app/ProduceFinder";
				FRAMEWORK_SEARCH_PATHS = (
					"\"$(SDKROOT)/Developer/Library/Frameworks\"",
					"\"$(DEVELOPER_LIBRARY_DIR)/Frameworks\"",
				);
				GCC_PRECOMPILE_PREFIX_HEADER = YES;
				GCC_PREFIX_HEADER = "ProduceFinder/ProduceFinder-Prefix.pch";
				INFOPLIST_FILE = "ProduceFinderTests/ProduceFinderTests-Info.plist";
				PRODUCT_NAME = "$(TARGET_NAME)";
				TEST_HOST = "$(BUNDLE_LOADER)";
				WRAPPER_EXTENSION = octest;
			};
			name = Debug;
		};
		2703FD4A175E7D7600E3C8E9 /* Release */ = {
			isa = XCBuildConfiguration;
			buildSettings = {
				BUNDLE_LOADER = "$(BUILT_PRODUCTS_DIR)/ProduceFinder.app/ProduceFinder";
				FRAMEWORK_SEARCH_PATHS = (
					"\"$(SDKROOT)/Developer/Library/Frameworks\"",
					"\"$(DEVELOPER_LIBRARY_DIR)/Frameworks\"",
				);
				GCC_PRECOMPILE_PREFIX_HEADER = YES;
				GCC_PREFIX_HEADER = "ProduceFinder/ProduceFinder-Prefix.pch";
				INFOPLIST_FILE = "ProduceFinderTests/ProduceFinderTests-Info.plist";
				PRODUCT_NAME = "$(TARGET_NAME)";
				TEST_HOST = "$(BUNDLE_LOADER)";
				WRAPPER_EXTENSION = octest;
			};
			name = Release;
		};
/* End XCBuildConfiguration section */

/* Begin XCConfigurationList section */
		2703FD08175E7D7600E3C8E9 /* Build configuration list for PBXProject "ProduceFinder" */ = {
			isa = XCConfigurationList;
			buildConfigurations = (
				2703FD43175E7D7600E3C8E9 /* Debug */,
				2703FD44175E7D7600E3C8E9 /* Release */,
			);
			defaultConfigurationIsVisible = 0;
			defaultConfigurationName = Release;
		};
		2703FD45175E7D7600E3C8E9 /* Build configuration list for PBXNativeTarget "ProduceFinder" */ = {
			isa = XCConfigurationList;
			buildConfigurations = (
				2703FD46175E7D7600E3C8E9 /* Debug */,
				2703FD47175E7D7600E3C8E9 /* Release */,
			);
			defaultConfigurationIsVisible = 0;
			defaultConfigurationName = Release;
		};
		2703FD48175E7D7600E3C8E9 /* Build configuration list for PBXNativeTarget "ProduceFinderTests" */ = {
			isa = XCConfigurationList;
			buildConfigurations = (
				2703FD49175E7D7600E3C8E9 /* Debug */,
				2703FD4A175E7D7600E3C8E9 /* Release */,
			);
			defaultConfigurationIsVisible = 0;
			defaultConfigurationName = Release;
		};
/* End XCConfigurationList section */

/* Begin XCVersionGroup section */
		2703FD2A175E7D7600E3C8E9 /* ProduceFinder.xcdatamodeld */ = {
			isa = XCVersionGroup;
			children = (
				2703FD2B175E7D7600E3C8E9 /* ProduceFinder.xcdatamodel */,
			);
			currentVersion = 2703FD2B175E7D7600E3C8E9 /* ProduceFinder.xcdatamodel */;
			path = ProduceFinder.xcdatamodeld;
			sourceTree = "<group>";
			versionGroupType = wrapper.xcdatamodel;
		};
/* End XCVersionGroup section */
	};
	rootObject = 2703FD05175E7D7600E3C8E9 /* Project object */;
}
